
Microsoft Visual Studio Solution File, Format Version 12.00
# Visual Studio Version 16
VisualStudioVersion = 16.0.29613.14
MinimumVisualStudioVersion = 10.0.40219.1
Project("{8BC9CEB8-8B4A-11D0-8D11-00A0C91BC942}") = "OOP345 WS4", "OOP345 WS4.vcxproj", "{28252093-4C48-4A40-9131-904D391C4BEF}"
EndProject
Global
	GlobalSection(SolutionConfigurationPlatforms) = preSolution
		Debug|x64 = Debug|x64
		Debug|x86 = Debug|x86
		Release|x64 = Release|x64
		Release|x86 = Release|x86
	EndGlobalSection
	GlobalSection(ProjectConfigurationPlatforms) = postSolution
		{28252093-4C48-4A40-9131-904D391C4BEF}.Debug|x64.ActiveCfg = Debug|x64
		{28252093-4C48-4A40-9131-904D391C4BEF}.Debug|x64.Build.0 = Debug|x64
		{28252093-4C48-4A40-9131-904D391C4BEF}.Debug|x86.ActiveCfg = Debug|Win32
		{28252093-4C48-4A40-9131-904D391C4BEF}.Debug|x86.Build.0 = Debug|Win32
		{28252093-4C48-4A40-9131-904D391C4BEF}.Release|x64.ActiveCfg = Release|x64
		{28252093-4C48-4A40-9131-904D391C4BEF}.Release|x64.Build.0 = Release|x64
		{28252093-4C48-4A40-9131-904D391C4BEF}.Release|x86.ActiveCfg = Release|Win32
		{28252093-4C48-4A40-9131-904D391C4BEF}.Release|x86.Build.0 = Release|Win32
	EndGlobalSection
	GlobalSection(SolutionProperties) = preSolution
		HideSolutionNode = FALSE
	EndGlobalSection
	GlobalSection(ExtensibilityGlobals) = postSolution
		SolutionGuid = {861AD0FB-F8BF-44B2-AC5C-27FA78F317E2}
	EndGlobalSection
EndGlobal
